// !$*UTF8*$!
{
	archiveVersion = 1;
	classes = {
	};
	objectVersion = 48;
	objects = {

/* Begin PBXBuildFile section */
		FB5834ED1F9EDF0200457AB9 /* AppDelegate.swift in Sources */ = {isa = PBXBuildFile; fileRef = FB5834EC1F9EDF0200457AB9 /* AppDelegate.swift */; };
		FB5834EF1F9EDF0200457AB9 /* LoginVC.swift in Sources */ = {isa = PBXBuildFile; fileRef = FB5834EE1F9EDF0200457AB9 /* LoginVC.swift */; };
		FB5834F21F9EDF0300457AB9 /* Main.storyboard in Resources */ = {isa = PBXBuildFile; fileRef = FB5834F01F9EDF0300457AB9 /* Main.storyboard */; settings = {ASSET_TAGS = (opa, ); }; };
		FB5834F41F9EDF0300457AB9 /* Assets.xcassets in Resources */ = {isa = PBXBuildFile; fileRef = FB5834F31F9EDF0300457AB9 /* Assets.xcassets */; };
		FB5834F71F9EDF0300457AB9 /* LaunchScreen.storyboard in Resources */ = {isa = PBXBuildFile; fileRef = FB5834F51F9EDF0300457AB9 /* LaunchScreen.storyboard */; };
		FBD6EDBD1FA034150027B5C7 /* BeneficiaryRegistrationVC.swift in Sources */ = {isa = PBXBuildFile; fileRef = FBD6EDBC1FA034150027B5C7 /* BeneficiaryRegistrationVC.swift */; };
		FBD6EDBF1FA04FB40027B5C7 /* RegistrationVC.swift in Sources */ = {isa = PBXBuildFile; fileRef = FBD6EDBE1FA04FB40027B5C7 /* RegistrationVC.swift */; };
		FBD6EDC11FA800400027B5C7 /* logindata.swift in Sources */ = {isa = PBXBuildFile; fileRef = FBD6EDC01FA8003E0027B5C7 /* logindata.swift */; };
		FBF91C881FABAC8500905E64 /* HomeVC.swift in Sources */ = {isa = PBXBuildFile; fileRef = FBF91C871FABAC8500905E64 /* HomeVC.swift */; };
/* End PBXBuildFile section */

/* Begin PBXFileReference section */
		FB5834E91F9EDF0200457AB9 /* HW4.app */ = {isa = PBXFileReference; explicitFileType = wrapper.application; includeInIndex = 0; path = HW4.app; sourceTree = BUILT_PRODUCTS_DIR; };
		FB5834EC1F9EDF0200457AB9 /* AppDelegate.swift */ = {isa = PBXFileReference; lastKnownFileType = sourcecode.swift; path = AppDelegate.swift; sourceTree = "<group>"; };
		FB5834EE1F9EDF0200457AB9 /* LoginVC.swift */ = {isa = PBXFileReference; lastKnownFileType = sourcecode.swift; path = LoginVC.swift; sourceTree = "<group>"; };
		FB5834F11F9EDF0300457AB9 /* Base */ = {isa = PBXFileReference; lastKnownFileType = file.storyboard; name = Base; path = Base.lproj/Main.storyboard; sourceTree = "<group>"; };
		FB5834F31F9EDF0300457AB9 /* Assets.xcassets */ = {isa = PBXFileReference; lastKnownFileType = folder.assetcatalog; path = Assets.xcassets; sourceTree = "<group>"; };
		FB5834F61F9EDF0300457AB9 /* Base */ = {isa = PBXFileReference; lastKnownFileType = file.storyboard; name = Base; path = Base.lproj/LaunchScreen.storyboard; sourceTree = "<group>"; };
		FB5834F81F9EDF0300457AB9 /* Info.plist */ = {isa = PBXFileReference; lastKnownFileType = text.plist.xml; path = Info.plist; sourceTree = "<group>"; };
		FBD6EDBC1FA034150027B5C7 /* BeneficiaryRegistrationVC.swift */ = {isa = PBXFileReference; lastKnownFileType = sourcecode.swift; path = BeneficiaryRegistrationVC.swift; sourceTree = "<group>"; };
		FBD6EDBE1FA04FB40027B5C7 /* RegistrationVC.swift */ = {isa = PBXFileReference; lastKnownFileType = sourcecode.swift; path = RegistrationVC.swift; sourceTree = "<group>"; };
		FBD6EDC01FA8003E0027B5C7 /* logindata.swift */ = {isa = PBXFileReference; lastKnownFileType = sourcecode.swift; path = logindata.swift; sourceTree = "<group>"; };
		FBF91C871FABAC8500905E64 /* HomeVC.swift */ = {isa = PBXFileReference; lastKnownFileType = sourcecode.swift; path = HomeVC.swift; sourceTree = "<group>"; };
/* End PBXFileReference section */

/* Begin PBXFrameworksBuildPhase section */
		FB5834E61F9EDF0200457AB9 /* Frameworks */ = {
			isa = PBXFrameworksBuildPhase;
			buildActionMask = 2147483647;
			files = (
			);
			runOnlyForDeploymentPostprocessing = 0;
		};
/* End PBXFrameworksBuildPhase section */

/* Begin PBXGroup section */
		FB5834E01F9EDF0100457AB9 = {
			isa = PBXGroup;
			children = (
				FB5834EB1F9EDF0200457AB9 /* HW4 */,
				FB5834EA1F9EDF0200457AB9 /* Products */,
			);
			sourceTree = "<group>";
		};
		FB5834EA1F9EDF0200457AB9 /* Products */ = {
			isa = PBXGroup;
			children = (
				FB5834E91F9EDF0200457AB9 /* HW4.app */,
			);
			name = Products;
			sourceTree = "<group>";
		};
		FB5834EB1F9EDF0200457AB9 /* HW4 */ = {
			isa = PBXGroup;
			children = (
				FB5834EC1F9EDF0200457AB9 /* AppDelegate.swift */,
				FB5834EE1F9EDF0200457AB9 /* LoginVC.swift */,
				FBF91C871FABAC8500905E64 /* HomeVC.swift */,
				FBD6EDBC1FA034150027B5C7 /* BeneficiaryRegistrationVC.swift */,
				FB5834F01F9EDF0300457AB9 /* Main.storyboard */,
				FBD6EDC01FA8003E0027B5C7 /* logindata.swift */,
				FBD6EDBE1FA04FB40027B5C7 /* RegistrationVC.swift */,
				FB5834F31F9EDF0300457AB9 /* Assets.xcassets */,
				FB5834F51F9EDF0300457AB9 /* LaunchScreen.storyboard */,
				FB5834F81F9EDF0300457AB9 /* Info.plist */,
			);
			path = HW4;
			sourceTree = "<group>";
		};
/* End PBXGroup section */

/* Begin PBXNativeTarget section */
		FB5834E81F9EDF0200457AB9 /* HW4 */ = {
			isa = PBXNativeTarget;
			buildConfigurationList = FB5834FB1F9EDF0300457AB9 /* Build configuration list for PBXNativeTarget "HW4" */;
			buildPhases = (
				FB5834E51F9EDF0200457AB9 /* Sources */,
				FB5834E61F9EDF0200457AB9 /* Frameworks */,
				FB5834E71F9EDF0200457AB9 /* Resources */,
			);
			buildRules = (
			);
			dependencies = (
			);
			name = HW4;
			productName = HW4;
			productReference = FB5834E91F9EDF0200457AB9 /* HW4.app */;
			productType = "com.apple.product-type.application";
		};
/* End PBXNativeTarget section */

/* Begin PBXProject section */
		FB5834E11F9EDF0100457AB9 /* Project object */ = {
			isa = PBXProject;
			attributes = {
				KnownAssetTags = (
					opa,
				);
				LastSwiftUpdateCheck = 0900;
				LastUpgradeCheck = 0900;
				ORGANIZATIONNAME = livia;
				TargetAttributes = {
					FB5834E81F9EDF0200457AB9 = {
						CreatedOnToolsVersion = 9.0;
						ProvisioningStyle = Automatic;
					};
				};
			};
			buildConfigurationList = FB5834E41F9EDF0200457AB9 /* Build configuration list for PBXProject "HW4" */;
			compatibilityVersion = "Xcode 8.0";
			developmentRegion = en;
			hasScannedForEncodings = 0;
			knownRegions = (
				en,
				Base,
			);
			mainGroup = FB5834E01F9EDF0100457AB9;
			productRefGroup = FB5834EA1F9EDF0200457AB9 /* Products */;
			projectDirPath = "";
			projectRoot = "";
			targets = (
				FB5834E81F9EDF0200457AB9 /* HW4 */,
			);
		};
/* End PBXProject section */

/* Begin PBXResourcesBuildPhase section */
		FB5834E71F9EDF0200457AB9 /* Resources */ = {
			isa = PBXResourcesBuildPhase;
			buildActionMask = 2147483647;
			files = (
				FB5834F71F9EDF0300457AB9 /* LaunchScreen.storyboard in Resources */,
				FB5834F41F9EDF0300457AB9 /* Assets.xcassets in Resources */,
				FB5834F21F9EDF0300457AB9 /* Main.storyboard in Resources */,
			);
			runOnlyForDeploymentPostprocessing = 0;
		};
/* End PBXResourcesBuildPhase section */

/* Begin PBXSourcesBuildPhase section */
		FB5834E51F9EDF0200457AB9 /* Sources */ = {
			isa = PBXSourcesBuildPhase;
			buildActionMask = 2147483647;
			files = (
				FB5834EF1F9EDF0200457AB9 /* LoginVC.swift in Sources */,
				FB5834ED1F9EDF0200457AB9 /* AppDelegate.swift in Sources */,
				FBD6EDC11FA800400027B5C7 /* logindata.swift in Sources */,
				FBF91C881FABAC8500905E64 /* HomeVC.swift in Sources */,
				FBD6EDBD1FA034150027B5C7 /* BeneficiaryRegistrationVC.swift in Sources */,
				FBD6EDBF1FA04FB40027B5C7 /* RegistrationVC.swift in Sources */,
			);
			runOnlyForDeploymentPostprocessing = 0;
		};
/* End PBXSourcesBuildPhase section */

/* Begin PBXVariantGroup section */
		FB5834F01F9EDF0300457AB9 /* Main.storyboard */ = {
			isa = PBXVariantGroup;
			children = (
				FB5834F11F9EDF0300457AB9 /* Base */,
			);
			name = Main.storyboard;
			sourceTree = "<group>";
		};
		FB5834F51F9EDF0300457AB9 /* LaunchScreen.storyboard */ = {
			isa = PBXVariantGroup;
			children = (
				FB5834F61F9EDF0300457AB9 /* Base */,
			);
			name = LaunchScreen.storyboard;
			sourceTree = "<group>";
		};
/* End PBXVariantGroup section */

/* Begin XCBuildConfiguration section */
		FB5834F91F9EDF0300457AB9 /* Debug */ = {
			isa = XCBuildConfiguration;
			buildSettings = {
				ALWAYS_SEARCH_USER_PATHS = NO;
				CLANG_ANALYZER_NONNULL = YES;
				CLANG_ANALYZER_NUMBER_OBJECT_CONVERSION = YES_AGGRESSIVE;
				CLANG_CXX_LANGUAGE_STANDARD = "gnu++14";
				CLANG_CXX_LIBRARY = "libc++";
				CLANG_ENABLE_MODULES = YES;
				CLANG_ENABLE_OBJC_ARC = YES;
				CLANG_WARN_BLOCK_CAPTURE_AUTORELEASING = YES;
				CLANG_WARN_BOOL_CONVERSION = YES;
				CLANG_WARN_COMMA = YES;
				CLANG_WARN_CONSTANT_CONVERSION = YES;
				CLANG_WARN_DIRECT_OBJC_ISA_USAGE = YES_ERROR;
				CLANG_WARN_DOCUMENTATION_COMMENTS = YES;
				CLANG_WARN_EMPTY_BODY = YES;
				CLANG_WARN_ENUM_CONVERSION = YES;
				CLANG_WARN_INFINITE_RECURSION = YES;
				CLANG_WARN_INT_CONVERSION = YES;
				CLANG_WARN_NON_LITERAL_NULL_CONVERSION = YES;
				CLANG_WARN_OBJC_LITERAL_CONVERSION = YES;
				CLANG_WARN_OBJC_ROOT_CLASS = YES_ERROR;
				CLANG_WARN_RANGE_LOOP_ANALYSIS = YES;
				CLANG_WARN_STRICT_PROTOTYPES = YES;
				CLANG_WARN_SUSPICIOUS_MOVE = YES;
				CLANG_WARN_UNGUARDED_AVAILABILITY = YES_AGGRESSIVE;
				CLANG_WARN_UNREACHABLE_CODE = YES;
				CLANG_WARN__DUPLICATE_METHOD_MATCH = YES;
				CODE_SIGN_IDENTITY = "iPhone Developer";
				COPY_PHASE_STRIP = NO;
				DEBUG_INFORMATION_FORMAT = dwarf;
				ENABLE_STRICT_OBJC_MSGSEND = YES;
				ENABLE_TESTABILITY = YES;
				GCC_C_LANGUAGE_STANDARD = gnu11;
				GCC_DYNAMIC_NO_PIC = NO;
				GCC_NO_COMMON_BLOCKS = YES;
				GCC_OPTIMIZATION_LEVEL = 0;
				GCC_PREPROCESSOR_DEFINITIONS = (
					"DEBUG=1",
					"$(inherited)",
				);
				GCC_WARN_64_TO_32_BIT_CONVERSION = YES;
				GCC_WARN_ABOUT_RETURN_TYPE = YES_ERROR;
				GCC_WARN_UNDECLARED_SELECTOR = YES;
				GCC_WARN_UNINITIALIZED_AUTOS = YES_AGGRESSIVE;
				GCC_WARN_UNUSED_FUNCTION = YES;
				GCC_WARN_UNUSED_VARIABLE = YES;
				IPHONEOS_DEPLOYMENT_TARGET = 11.0;
				MTL_ENABLE_DEBUG_INFO = YES;
				ONLY_ACTIVE_ARCH = YES;
				SDKROOT = iphoneos;
				SWIFT_ACTIVE_COMPILATION_CONDITIONS = DEBUG;
				SWIFT_OPTIMIZATION_LEVEL = "-Onone";
			};
			name = Debug;
		};
		FB5834FA1F9EDF0300457AB9 /* Release */ = {
			isa = XCBuildConfiguration;
			buildSettings = {
				ALWAYS_SEARCH_USER_PATHS = NO;
				CLANG_ANALYZER_NONNULL = YES;
				CLANG_ANALYZER_NUMBER_OBJECT_CONVERSION = YES_AGGRESSIVE;
				CLANG_CXX_LANGUAGE_STANDARD = "gnu++14";
				CLANG_CXX_LIBRARY = "libc++";
				CLANG_ENABLE_MODULES = YES;
				CLANG_ENABLE_OBJC_ARC = YES;
				CLANG_WARN_BLOCK_CAPTURE_AUTORELEASING = YES;
				CLANG_WARN_BOOL_CONVERSION = YES;
				CLANG_WARN_COMMA = YES;
				CLANG_WARN_CONSTANT_CONVERSION = YES;
				CLANG_WARN_DIRECT_OBJC_ISA_USAGE = YES_ERROR;
				CLANG_WARN_DOCUMENTATION_COMMENTS = YES;
				CLANG_WARN_EMPTY_BODY = YES;
				CLANG_WARN_ENUM_CONVERSION = YES;
				CLANG_WARN_INFINITE_RECURSION = YES;
				CLANG_WARN_INT_CONVERSION = YES;
				CLANG_WARN_NON_LITERAL_NULL_CONVERSION = YES;
				CLANG_WARN_OBJC_LITERAL_CONVERSION = YES;
				CLANG_WARN_OBJC_ROOT_CLASS = YES_ERROR;
				CLANG_WARN_RANGE_LOOP_ANALYSIS = YES;
				CLANG_WARN_STRICT_PROTOTYPES = YES;
				CLANG_WARN_SUSPICIOUS_MOVE = YES;
				CLANG_WARN_UNGUARDED_AVAILABILITY = YES_AGGRESSIVE;
				CLANG_WARN_UNREACHABLE_CODE = YES;
				CLANG_WARN__DUPLICATE_METHOD_MATCH = YES;
				CODE_SIGN_IDENTITY = "iPhone Developer";
				COPY_PHASE_STRIP = NO;
				DEBUG_INFORMATION_FORMAT = "dwarf-with-dsym";
				ENABLE_NS_ASSERTIONS = NO;
				ENABLE_STRICT_OBJC_MSGSEND = YES;
				GCC_C_LANGUAGE_STANDARD = gnu11;
				GCC_NO_COMMON_BLOCKS = YES;
				GCC_WARN_64_TO_32_BIT_CONVERSION = YES;
				GCC_WARN_ABOUT_RETURN_TYPE = YES_ERROR;
				GCC_WARN_UNDECLARED_SELECTOR = YES;
				GCC_WARN_UNINITIALIZED_AUTOS = YES_AGGRESSIVE;
				GCC_WARN_UNUSED_FUNCTION = YES;
				GCC_WARN_UNUSED_VARIABLE = YES;
				IPHONEOS_DEPLOYMENT_TARGET = 11.0;
				MTL_ENABLE_DEBUG_INFO = NO;
				SDKROOT = iphoneos;
				SWIFT_OPTIMIZATION_LEVEL = "-Owholemodule";
				VALIDATE_PRODUCT = YES;
			};
			name = Release;
		};
		FB5834FC1F9EDF0300457AB9 /* Debug */ = {
			isa = XCBuildConfiguration;
			buildSettings = {
				ASSETCATALOG_COMPILER_APPICON_NAME = AppIcon;
				CODE_SIGN_STYLE = Automatic;
				INFOPLIST_FILE = HW4/Info.plist;
				LD_RUNPATH_SEARCH_PATHS = "$(inherited) @executable_path/Frameworks";
				PRODUCT_BUNDLE_IDENTIFIER = livia.HW4;
				PRODUCT_NAME = "$(TARGET_NAME)";
				SWIFT_VERSION = 4.0;
				TARGETED_DEVICE_FAMILY = "1,2";
			};
			name = Debug;
		};
		FB5834FD1F9EDF0300457AB9 /* Release */ = {
			isa = XCBuildConfiguration;
			buildSettings = {
				ASSETCATALOG_COMPILER_APPICON_NAME = AppIcon;
				CODE_SIGN_STYLE = Automatic;
				INFOPLIST_FILE = HW4/Info.plist;
				LD_RUNPATH_SEARCH_PATHS = "$(inherited) @executable_path/Frameworks";
				PRODUCT_BUNDLE_IDENTIFIER = livia.HW4;
				PRODUCT_NAME = "$(TARGET_NAME)";
				SWIFT_VERSION = 4.0;
				TARGETED_DEVICE_FAMILY = "1,2";
			};
			name = Release;
		};
/* End XCBuildConfiguration section */

/* Begin XCConfigurationList section */
		FB5834E41F9EDF0200457AB9 /* Build configuration list for PBXProject "HW4" */ = {
			isa = XCConfigurationList;
			buildConfigurations = (
				FB5834F91F9EDF0300457AB9 /* Debug */,
				FB5834FA1F9EDF0300457AB9 /* Release */,
			);
			defaultConfigurationIsVisible = 0;
			defaultConfigurationName = Release;
		};
		FB5834FB1F9EDF0300457AB9 /* Build configuration list for PBXNativeTarget "HW4" */ = {
			isa = XCConfigurationList;
			buildConfigurations = (
				FB5834FC1F9EDF0300457AB9 /* Debug */,
				FB5834FD1F9EDF0300457AB9 /* Release */,
			);
			defaultConfigurationIsVisible = 0;
			defaultConfigurationName = Release;
		};
/* End XCConfigurationList section */
	};
	rootObject = FB5834E11F9EDF0100457AB9 /* Project object */;
}
